// !$*UTF8*$!
{
	archiveVersion = 1;
	classes = {
	};
	objectVersion = 55;
	objects = {

/* Begin PBXBuildFile section */
		145C763129405FA50042EFC0 /* Chores.swift in Sources */ = {isa = PBXBuildFile; fileRef = 145C763029405FA50042EFC0 /* Chores.swift */; };
		145C763329405FBF0042EFC0 /* Memos.swift in Sources */ = {isa = PBXBuildFile; fileRef = 145C763229405FBF0042EFC0 /* Memos.swift */; };
		14CA343728A5692900780B00 /* Expenses.swift in Sources */ = {isa = PBXBuildFile; fileRef = 14CA343628A5692900780B00 /* Expenses.swift */; };
		14F6807B2839A32500CD6D0F /* RoomHubApp.swift in Sources */ = {isa = PBXBuildFile; fileRef = 14F6807A2839A32500CD6D0F /* RoomHubApp.swift */; };
		14F6807D2839A32500CD6D0F /* ContentView.swift in Sources */ = {isa = PBXBuildFile; fileRef = 14F6807C2839A32500CD6D0F /* ContentView.swift */; };
		14F6807F2839A32500CD6D0F /* Assets.xcassets in Resources */ = {isa = PBXBuildFile; fileRef = 14F6807E2839A32500CD6D0F /* Assets.xcassets */; };
		14F680822839A32500CD6D0F /* Preview Assets.xcassets in Resources */ = {isa = PBXBuildFile; fileRef = 14F680812839A32500CD6D0F /* Preview Assets.xcassets */; };
		14F6808C2839A32600CD6D0F /* RoomHubTests.swift in Sources */ = {isa = PBXBuildFile; fileRef = 14F6808B2839A32600CD6D0F /* RoomHubTests.swift */; };
		14F680962839A32600CD6D0F /* RoomHubUITests.swift in Sources */ = {isa = PBXBuildFile; fileRef = 14F680952839A32600CD6D0F /* RoomHubUITests.swift */; };
		14F680982839A32600CD6D0F /* RoomHubUITestsLaunchTests.swift in Sources */ = {isa = PBXBuildFile; fileRef = 14F680972839A32600CD6D0F /* RoomHubUITestsLaunchTests.swift */; };
		305A33D8283D7179001DDFBC /* FirebaseAuth in Frameworks */ = {isa = PBXBuildFile; productRef = 305A33D7283D7179001DDFBC /* FirebaseAuth */; };
		30949A3A283C5E15004AEA19 /* GoogleService-Info.plist in Resources */ = {isa = PBXBuildFile; fileRef = 30949A39283C5E15004AEA19 /* GoogleService-Info.plist */; };
		30949A3B283C5E2B004AEA19 /* GoogleService-Info.plist in Resources */ = {isa = PBXBuildFile; fileRef = 30949A39283C5E15004AEA19 /* GoogleService-Info.plist */; };
		30949A3C283C5E2B004AEA19 /* GoogleService-Info.plist in Resources */ = {isa = PBXBuildFile; fileRef = 30949A39283C5E15004AEA19 /* GoogleService-Info.plist */; };
/* End PBXBuildFile section */

/* Begin PBXContainerItemProxy section */
		14F680882839A32600CD6D0F /* PBXContainerItemProxy */ = {
			isa = PBXContainerItemProxy;
			containerPortal = 14F6806F2839A32500CD6D0F /* Project object */;
			proxyType = 1;
			remoteGlobalIDString = 14F680762839A32500CD6D0F;
			remoteInfo = RoomHub;
		};
		14F680922839A32600CD6D0F /* PBXContainerItemProxy */ = {
			isa = PBXContainerItemProxy;
			containerPortal = 14F6806F2839A32500CD6D0F /* Project object */;
			proxyType = 1;
			remoteGlobalIDString = 14F680762839A32500CD6D0F;
			remoteInfo = RoomHub;
		};
/* End PBXContainerItemProxy section */

/* Begin PBXFileReference section */
		145C763029405FA50042EFC0 /* Chores.swift */ = {isa = PBXFileReference; lastKnownFileType = sourcecode.swift; path = Chores.swift; sourceTree = "<group>"; };
		145C763229405FBF0042EFC0 /* Memos.swift */ = {isa = PBXFileReference; lastKnownFileType = sourcecode.swift; path = Memos.swift; sourceTree = "<group>"; };
		14CA343628A5692900780B00 /* Expenses.swift */ = {isa = PBXFileReference; lastKnownFileType = sourcecode.swift; path = Expenses.swift; sourceTree = "<group>"; };
		14F680772839A32500CD6D0F /* RoomHub.app */ = {isa = PBXFileReference; explicitFileType = wrapper.application; includeInIndex = 0; path = RoomHub.app; sourceTree = BUILT_PRODUCTS_DIR; };
		14F6807A2839A32500CD6D0F /* RoomHubApp.swift */ = {isa = PBXFileReference; lastKnownFileType = sourcecode.swift; path = RoomHubApp.swift; sourceTree = "<group>"; };
		14F6807C2839A32500CD6D0F /* ContentView.swift */ = {isa = PBXFileReference; lastKnownFileType = sourcecode.swift; path = ContentView.swift; sourceTree = "<group>"; };
		14F6807E2839A32500CD6D0F /* Assets.xcassets */ = {isa = PBXFileReference; lastKnownFileType = folder.assetcatalog; path = Assets.xcassets; sourceTree = "<group>"; };
		14F680812839A32500CD6D0F /* Preview Assets.xcassets */ = {isa = PBXFileReference; lastKnownFileType = folder.assetcatalog; path = "Preview Assets.xcassets"; sourceTree = "<group>"; };
		14F680872839A32600CD6D0F /* RoomHubTests.xctest */ = {isa = PBXFileReference; explicitFileType = wrapper.cfbundle; includeInIndex = 0; path = RoomHubTests.xctest; sourceTree = BUILT_PRODUCTS_DIR; };
		14F6808B2839A32600CD6D0F /* RoomHubTests.swift */ = {isa = PBXFileReference; lastKnownFileType = sourcecode.swift; path = RoomHubTests.swift; sourceTree = "<group>"; };
		14F680912839A32600CD6D0F /* RoomHubUITests.xctest */ = {isa = PBXFileReference; explicitFileType = wrapper.cfbundle; includeInIndex = 0; path = RoomHubUITests.xctest; sourceTree = BUILT_PRODUCTS_DIR; };
		14F680952839A32600CD6D0F /* RoomHubUITests.swift */ = {isa = PBXFileReference; lastKnownFileType = sourcecode.swift; path = RoomHubUITests.swift; sourceTree = "<group>"; };
		14F680972839A32600CD6D0F /* RoomHubUITestsLaunchTests.swift */ = {isa = PBXFileReference; lastKnownFileType = sourcecode.swift; path = RoomHubUITestsLaunchTests.swift; sourceTree = "<group>"; };
		30949A39283C5E15004AEA19 /* GoogleService-Info.plist */ = {isa = PBXFileReference; fileEncoding = 4; lastKnownFileType = text.plist.xml; path = "GoogleService-Info.plist"; sourceTree = "<group>"; };
/* End PBXFileReference section */

/* Begin PBXFrameworksBuildPhase section */
		14F680742839A32500CD6D0F /* Frameworks */ = {
			isa = PBXFrameworksBuildPhase;
			buildActionMask = 2147483647;
			files = (
				305A33D8283D7179001DDFBC /* FirebaseAuth in Frameworks */,
			);
			runOnlyForDeploymentPostprocessing = 0;
		};
		14F680842839A32600CD6D0F /* Frameworks */ = {
			isa = PBXFrameworksBuildPhase;
			buildActionMask = 2147483647;
			files = (
			);
			runOnlyForDeploymentPostprocessing = 0;
		};
		14F6808E2839A32600CD6D0F /* Frameworks */ = {
			isa = PBXFrameworksBuildPhase;
			buildActionMask = 2147483647;
			files = (
			);
			runOnlyForDeploymentPostprocessing = 0;
		};
/* End PBXFrameworksBuildPhase section */

/* Begin PBXGroup section */
		14C941CD28A1E39400BEA9FC /* Server */ = {
			isa = PBXGroup;
			children = (
				14CA343628A5692900780B00 /* Expenses.swift */,
				145C763029405FA50042EFC0 /* Chores.swift */,
				145C763229405FBF0042EFC0 /* Memos.swift */,
			);
			path = Server;
			sourceTree = "<group>";
		};
		14F6806E2839A32500CD6D0F = {
			isa = PBXGroup;
			children = (
				14F680792839A32500CD6D0F /* RoomHub */,
				14F6808A2839A32600CD6D0F /* RoomHubTests */,
				14F680942839A32600CD6D0F /* RoomHubUITests */,
				14F680782839A32500CD6D0F /* Products */,
			);
			sourceTree = "<group>";
		};
		14F680782839A32500CD6D0F /* Products */ = {
			isa = PBXGroup;
			children = (
				14F680772839A32500CD6D0F /* RoomHub.app */,
				14F680872839A32600CD6D0F /* RoomHubTests.xctest */,
				14F680912839A32600CD6D0F /* RoomHubUITests.xctest */,
			);
			name = Products;
			sourceTree = "<group>";
		};
		14F680792839A32500CD6D0F /* RoomHub */ = {
			isa = PBXGroup;
			children = (
				14C941CD28A1E39400BEA9FC /* Server */,
				30949A39283C5E15004AEA19 /* GoogleService-Info.plist */,
				14F6807A2839A32500CD6D0F /* RoomHubApp.swift */,
				14F6807C2839A32500CD6D0F /* ContentView.swift */,
				14F6807E2839A32500CD6D0F /* Assets.xcassets */,
				14F680802839A32500CD6D0F /* Preview Content */,
			);
			path = RoomHub;
			sourceTree = "<group>";
		};
		14F680802839A32500CD6D0F /* Preview Content */ = {
			isa = PBXGroup;
			children = (
				14F680812839A32500CD6D0F /* Preview Assets.xcassets */,
			);
			path = "Preview Content";
			sourceTree = "<group>";
		};
		14F6808A2839A32600CD6D0F /* RoomHubTests */ = {
			isa = PBXGroup;
			children = (
				14F6808B2839A32600CD6D0F /* RoomHubTests.swift */,
			);
			path = RoomHubTests;
			sourceTree = "<group>";
		};
		14F680942839A32600CD6D0F /* RoomHubUITests */ = {
			isa = PBXGroup;
			children = (
				14F680952839A32600CD6D0F /* RoomHubUITests.swift */,
				14F680972839A32600CD6D0F /* RoomHubUITestsLaunchTests.swift */,
			);
			path = RoomHubUITests;
			sourceTree = "<group>";
		};
/* End PBXGroup section */

/* Begin PBXNativeTarget section */
		14F680762839A32500CD6D0F /* RoomHub */ = {
			isa = PBXNativeTarget;
			buildConfigurationList = 14F6809B2839A32600CD6D0F /* Build configuration list for PBXNativeTarget "RoomHub" */;
			buildPhases = (
				14F680732839A32500CD6D0F /* Sources */,
				14F680742839A32500CD6D0F /* Frameworks */,
				14F680752839A32500CD6D0F /* Resources */,
			);
			buildRules = (
			);
			dependencies = (
			);
			name = RoomHub;
			packageProductDependencies = (
				305A33D7283D7179001DDFBC /* FirebaseAuth */,
			);
			productName = RoomHub;
			productReference = 14F680772839A32500CD6D0F /* RoomHub.app */;
			productType = "com.apple.product-type.application";
		};
		14F680862839A32600CD6D0F /* RoomHubTests */ = {
			isa = PBXNativeTarget;
			buildConfigurationList = 14F6809E2839A32600CD6D0F /* Build configuration list for PBXNativeTarget "RoomHubTests" */;
			buildPhases = (
				14F680832839A32600CD6D0F /* Sources */,
				14F680842839A32600CD6D0F /* Frameworks */,
				14F680852839A32600CD6D0F /* Resources */,
			);
			buildRules = (
			);
			dependencies = (
				14F680892839A32600CD6D0F /* PBXTargetDependency */,
			);
			name = RoomHubTests;
			productName = RoomHubTests;
			productReference = 14F680872839A32600CD6D0F /* RoomHubTests.xctest */;
			productType = "com.apple.product-type.bundle.unit-test";
		};
		14F680902839A32600CD6D0F /* RoomHubUITests */ = {
			isa = PBXNativeTarget;
			buildConfigurationList = 14F680A12839A32600CD6D0F /* Build configuration list for PBXNativeTarget "RoomHubUITests" */;
			buildPhases = (
				14F6808D2839A32600CD6D0F /* Sources */,
				14F6808E2839A32600CD6D0F /* Frameworks */,
				14F6808F2839A32600CD6D0F /* Resources */,
			);
			buildRules = (
			);
			dependencies = (
				14F680932839A32600CD6D0F /* PBXTargetDependency */,
			);
			name = RoomHubUITests;
			productName = RoomHubUITests;
			productReference = 14F680912839A32600CD6D0F /* RoomHubUITests.xctest */;
			productType = "com.apple.product-type.bundle.ui-testing";
		};
/* End PBXNativeTarget section */

/* Begin PBXProject section */
		14F6806F2839A32500CD6D0F /* Project object */ = {
			isa = PBXProject;
			attributes = {
				BuildIndependentTargetsInParallel = 1;
				LastSwiftUpdateCheck = 1340;
				LastUpgradeCheck = 1340;
				TargetAttributes = {
					14F680762839A32500CD6D0F = {
						CreatedOnToolsVersion = 13.4;
					};
					14F680862839A32600CD6D0F = {
						CreatedOnToolsVersion = 13.4;
						TestTargetID = 14F680762839A32500CD6D0F;
					};
					14F680902839A32600CD6D0F = {
						CreatedOnToolsVersion = 13.4;
						TestTargetID = 14F680762839A32500CD6D0F;
					};
				};
			};
			buildConfigurationList = 14F680722839A32500CD6D0F /* Build configuration list for PBXProject "RoomHub" */;
			compatibilityVersion = "Xcode 13.0";
			developmentRegion = en;
			hasScannedForEncodings = 0;
			knownRegions = (
				en,
				Base,
			);
			mainGroup = 14F6806E2839A32500CD6D0F;
			packageReferences = (
				305A33D6283D7179001DDFBC /* XCRemoteSwiftPackageReference "firebase-ios-sdk" */,
			);
			productRefGroup = 14F680782839A32500CD6D0F /* Products */;
			projectDirPath = "";
			projectRoot = "";
			targets = (
				14F680762839A32500CD6D0F /* RoomHub */,
				14F680862839A32600CD6D0F /* RoomHubTests */,
				14F680902839A32600CD6D0F /* RoomHubUITests */,
			);
		};
/* End PBXProject section */

/* Begin PBXResourcesBuildPhase section */
		14F680752839A32500CD6D0F /* Resources */ = {
			isa = PBXResourcesBuildPhase;
			buildActionMask = 2147483647;
			files = (
				14F680822839A32500CD6D0F /* Preview Assets.xcassets in Resources */,
				14F6807F2839A32500CD6D0F /* Assets.xcassets in Resources */,
				30949A3A283C5E15004AEA19 /* GoogleService-Info.plist in Resources */,
			);
			runOnlyForDeploymentPostprocessing = 0;
		};
		14F680852839A32600CD6D0F /* Resources */ = {
			isa = PBXResourcesBuildPhase;
			buildActionMask = 2147483647;
			files = (
				30949A3B283C5E2B004AEA19 /* GoogleService-Info.plist in Resources */,
			);
			runOnlyForDeploymentPostprocessing = 0;
		};
		14F6808F2839A32600CD6D0F /* Resources */ = {
			isa = PBXResourcesBuildPhase;
			buildActionMask = 2147483647;
			files = (
				30949A3C283C5E2B004AEA19 /* GoogleService-Info.plist in Resources */,
			);
			runOnlyForDeploymentPostprocessing = 0;
		};
/* End PBXResourcesBuildPhase section */

/* Begin PBXSourcesBuildPhase section */
		14F680732839A32500CD6D0F /* Sources */ = {
			isa = PBXSourcesBuildPhase;
			buildActionMask = 2147483647;
			files = (
				14CA343728A5692900780B00 /* Expenses.swift in Sources */,
				145C763329405FBF0042EFC0 /* Memos.swift in Sources */,
				14F6807D2839A32500CD6D0F /* ContentView.swift in Sources */,
				14F6807B2839A32500CD6D0F /* RoomHubApp.swift in Sources */,
				145C763129405FA50042EFC0 /* Chores.swift in Sources */,
			);
			runOnlyForDeploymentPostprocessing = 0;
		};
		14F680832839A32600CD6D0F /* Sources */ = {
			isa = PBXSourcesBuildPhase;
			buildActionMask = 2147483647;
			files = (
				14F6808C2839A32600CD6D0F /* RoomHubTests.swift in Sources */,
			);
			runOnlyForDeploymentPostprocessing = 0;
		};
		14F6808D2839A32600CD6D0F /* Sources */ = {
			isa = PBXSourcesBuildPhase;
			buildActionMask = 2147483647;
			files = (
				14F680962839A32600CD6D0F /* RoomHubUITests.swift in Sources */,
				14F680982839A32600CD6D0F /* RoomHubUITestsLaunchTests.swift in Sources */,
			);
			runOnlyForDeploymentPostprocessing = 0;
		};
/* End PBXSourcesBuildPhase section */

/* Begin PBXTargetDependency section */
		14F680892839A32600CD6D0F /* PBXTargetDependency */ = {
			isa = PBXTargetDependency;
			target = 14F680762839A32500CD6D0F /* RoomHub */;
			targetProxy = 14F680882839A32600CD6D0F /* PBXContainerItemProxy */;
		};
		14F680932839A32600CD6D0F /* PBXTargetDependency */ = {
			isa = PBXTargetDependency;
			target = 14F680762839A32500CD6D0F /* RoomHub */;
			targetProxy = 14F680922839A32600CD6D0F /* PBXContainerItemProxy */;
		};
/* End PBXTargetDependency section */

/* Begin XCBuildConfiguration section */
		14F680992839A32600CD6D0F /* Debug */ = {
			isa = XCBuildConfiguration;
			buildSettings = {
				ALWAYS_SEARCH_USER_PATHS = NO;
				CLANG_ANALYZER_NONNULL = YES;
				CLANG_ANALYZER_NUMBER_OBJECT_CONVERSION = YES_AGGRESSIVE;
				CLANG_CXX_LANGUAGE_STANDARD = "gnu++17";
				CLANG_ENABLE_MODULES = YES;
				CLANG_ENABLE_OBJC_ARC = YES;
				CLANG_ENABLE_OBJC_WEAK = YES;
				CLANG_WARN_BLOCK_CAPTURE_AUTORELEASING = YES;
				CLANG_WARN_BOOL_CONVERSION = YES;
				CLANG_WARN_COMMA = YES;
				CLANG_WARN_CONSTANT_CONVERSION = YES;
				CLANG_WARN_DEPRECATED_OBJC_IMPLEMENTATIONS = YES;
				CLANG_WARN_DIRECT_OBJC_ISA_USAGE = YES_ERROR;
				CLANG_WARN_DOCUMENTATION_COMMENTS = YES;
				CLANG_WARN_EMPTY_BODY = YES;
				CLANG_WARN_ENUM_CONVERSION = YES;
				CLANG_WARN_INFINITE_RECURSION = YES;
				CLANG_WARN_INT_CONVERSION = YES;
				CLANG_WARN_NON_LITERAL_NULL_CONVERSION = YES;
				CLANG_WARN_OBJC_IMPLICIT_RETAIN_SELF = YES;
				CLANG_WARN_OBJC_LITERAL_CONVERSION = YES;
				CLANG_WARN_OBJC_ROOT_CLASS = YES_ERROR;
				CLANG_WARN_QUOTED_INCLUDE_IN_FRAMEWORK_HEADER = YES;
				CLANG_WARN_RANGE_LOOP_ANALYSIS = YES;
				CLANG_WARN_STRICT_PROTOTYPES = YES;
				CLANG_WARN_SUSPICIOUS_MOVE = YES;
				CLANG_WARN_UNGUARDED_AVAILABILITY = YES_AGGRESSIVE;
				CLANG_WARN_UNREACHABLE_CODE = YES;
				CLANG_WARN__DUPLICATE_METHOD_MATCH = YES;
				COPY_PHASE_STRIP = NO;
				DEBUG_INFORMATION_FORMAT = dwarf;
				ENABLE_STRICT_OBJC_MSGSEND = YES;
				ENABLE_TESTABILITY = YES;
				GCC_C_LANGUAGE_STANDARD = gnu11;
				GCC_DYNAMIC_NO_PIC = NO;
				GCC_NO_COMMON_BLOCKS = YES;
				GCC_OPTIMIZATION_LEVEL = 0;
				GCC_PREPROCESSOR_DEFINITIONS = (
					"DEBUG=1",
					"$(inherited)",
				);
				GCC_WARN_64_TO_32_BIT_CONVERSION = YES;
				GCC_WARN_ABOUT_RETURN_TYPE = YES_ERROR;
				GCC_WARN_UNDECLARED_SELECTOR = YES;
				GCC_WARN_UNINITIALIZED_AUTOS = YES_AGGRESSIVE;
				GCC_WARN_UNUSED_FUNCTION = YES;
				GCC_WARN_UNUSED_VARIABLE = YES;
				IPHONEOS_DEPLOYMENT_TARGET = 15.5;
				MTL_ENABLE_DEBUG_INFO = INCLUDE_SOURCE;
				MTL_FAST_MATH = YES;
				ONLY_ACTIVE_ARCH = YES;
				SDKROOT = iphoneos;
				SWIFT_ACTIVE_COMPILATION_CONDITIONS = DEBUG;
				SWIFT_OPTIMIZATION_LEVEL = "-Onone";
			};
			name = Debug;
		};
		14F6809A2839A32600CD6D0F /* Release */ = {
			isa = XCBuildConfiguration;
			buildSettings = {
				ALWAYS_SEARCH_USER_PATHS = NO;
				CLANG_ANALYZER_NONNULL = YES;
				CLANG_ANALYZER_NUMBER_OBJECT_CONVERSION = YES_AGGRESSIVE;
				CLANG_CXX_LANGUAGE_STANDARD = "gnu++17";
				CLANG_ENABLE_MODULES = YES;
				CLANG_ENABLE_OBJC_ARC = YES;
				CLANG_ENABLE_OBJC_WEAK = YES;
				CLANG_WARN_BLOCK_CAPTURE_AUTORELEASING = YES;
				CLANG_WARN_BOOL_CONVERSION = YES;
				CLANG_WARN_COMMA = YES;
				CLANG_WARN_CONSTANT_CONVERSION = YES;
				CLANG_WARN_DEPRECATED_OBJC_IMPLEMENTATIONS = YES;
				CLANG_WARN_DIRECT_OBJC_ISA_USAGE = YES_ERROR;
				CLANG_WARN_DOCUMENTATION_COMMENTS = YES;
				CLANG_WARN_EMPTY_BODY = YES;
				CLANG_WARN_ENUM_CONVERSION = YES;
				CLANG_WARN_INFINITE_RECURSION = YES;
				CLANG_WARN_INT_CONVERSION = YES;
				CLANG_WARN_NON_LITERAL_NULL_CONVERSION = YES;
				CLANG_WARN_OBJC_IMPLICIT_RETAIN_SELF = YES;
				CLANG_WARN_OBJC_LITERAL_CONVERSION = YES;
				CLANG_WARN_OBJC_ROOT_CLASS = YES_ERROR;
				CLANG_WARN_QUOTED_INCLUDE_IN_FRAMEWORK_HEADER = YES;
				CLANG_WARN_RANGE_LOOP_ANALYSIS = YES;
				CLANG_WARN_STRICT_PROTOTYPES = YES;
				CLANG_WARN_SUSPICIOUS_MOVE = YES;
				CLANG_WARN_UNGUARDED_AVAILABILITY = YES_AGGRESSIVE;
				CLANG_WARN_UNREACHABLE_CODE = YES;
				CLANG_WARN__DUPLICATE_METHOD_MATCH = YES;
				COPY_PHASE_STRIP = NO;
				DEBUG_INFORMATION_FORMAT = "dwarf-with-dsym";
				ENABLE_NS_ASSERTIONS = NO;
				ENABLE_STRICT_OBJC_MSGSEND = YES;
				GCC_C_LANGUAGE_STANDARD = gnu11;
				GCC_NO_COMMON_BLOCKS = YES;
				GCC_WARN_64_TO_32_BIT_CONVERSION = YES;
				GCC_WARN_ABOUT_RETURN_TYPE = YES_ERROR;
				GCC_WARN_UNDECLARED_SELECTOR = YES;
				GCC_WARN_UNINITIALIZED_AUTOS = YES_AGGRESSIVE;
				GCC_WARN_UNUSED_FUNCTION = YES;
				GCC_WARN_UNUSED_VARIABLE = YES;
				IPHONEOS_DEPLOYMENT_TARGET = 15.5;
				MTL_ENABLE_DEBUG_INFO = NO;
				MTL_FAST_MATH = YES;
				SDKROOT = iphoneos;
				SWIFT_COMPILATION_MODE = wholemodule;
				SWIFT_OPTIMIZATION_LEVEL = "-O";
				VALIDATE_PRODUCT = YES;
			};
			name = Release;
		};
		14F6809C2839A32600CD6D0F /* Debug */ = {
			isa = XCBuildConfiguration;
			buildSettings = {
				ASSETCATALOG_COMPILER_APPICON_NAME = AppIcon;
				ASSETCATALOG_COMPILER_GLOBAL_ACCENT_COLOR_NAME = AccentColor;
				CODE_SIGN_STYLE = Automatic;
				CURRENT_PROJECT_VERSION = 1;
				DEVELOPMENT_ASSET_PATHS = "\"RoomHub/Preview Content\"";
				DEVELOPMENT_TEAM = HHD2S36C5S;
				ENABLE_PREVIEWS = YES;
				GENERATE_INFOPLIST_FILE = YES;
				INFOPLIST_KEY_UIApplicationSceneManifest_Generation = YES;
				INFOPLIST_KEY_UIApplicationSupportsIndirectInputEvents = YES;
				INFOPLIST_KEY_UILaunchScreen_Generation = YES;
				INFOPLIST_KEY_UISupportedInterfaceOrientations_iPad = "UIInterfaceOrientationPortrait UIInterfaceOrientationPortraitUpsideDown UIInterfaceOrientationLandscapeLeft UIInterfaceOrientationLandscapeRight";
				INFOPLIST_KEY_UISupportedInterfaceOrientations_iPhone = "UIInterfaceOrientationPortrait UIInterfaceOrientationLandscapeLeft UIInterfaceOrientationLandscapeRight";
				LD_RUNPATH_SEARCH_PATHS = (
					"$(inherited)",
					"@executable_path/Frameworks",
				);
				MARKETING_VERSION = 1.0;
				PRODUCT_BUNDLE_IDENTIFIER = slayOS.RoomHub;
				PRODUCT_NAME = "$(TARGET_NAME)";
				SWIFT_EMIT_LOC_STRINGS = YES;
				SWIFT_VERSION = 5.0;
				TARGETED_DEVICE_FAMILY = "1,2";
			};
			name = Debug;
		};
		14F6809D2839A32600CD6D0F /* Release */ = {
			isa = XCBuildConfiguration;
			buildSettings = {
				ASSETCATALOG_COMPILER_APPICON_NAME = AppIcon;
				ASSETCATALOG_COMPILER_GLOBAL_ACCENT_COLOR_NAME = AccentColor;
				CODE_SIGN_STYLE = Automatic;
				CURRENT_PROJECT_VERSION = 1;
				DEVELOPMENT_ASSET_PATHS = "\"RoomHub/Preview Content\"";
				DEVELOPMENT_TEAM = HHD2S36C5S;
				ENABLE_PREVIEWS = YES;
				GENERATE_INFOPLIST_FILE = YES;
				INFOPLIST_KEY_UIApplicationSceneManifest_Generation = YES;
				INFOPLIST_KEY_UIApplicationSupportsIndirectInputEvents = YES;
				INFOPLIST_KEY_UILaunchScreen_Generation = YES;
				INFOPLIST_KEY_UISupportedInterfaceOrientations_iPad = "UIInterfaceOrientationPortrait UIInterfaceOrientationPortraitUpsideDown UIInterfaceOrientationLandscapeLeft UIInterfaceOrientationLandscapeRight";
				INFOPLIST_KEY_UISupportedInterfaceOrientations_iPhone = "UIInterfaceOrientationPortrait UIInterfaceOrientationLandscapeLeft UIInterfaceOrientationLandscapeRight";
				LD_RUNPATH_SEARCH_PATHS = (
					"$(inherited)",
					"@executable_path/Frameworks",
				);
				MARKETING_VERSION = 1.0;
				PRODUCT_BUNDLE_IDENTIFIER = slayOS.RoomHub;
				PRODUCT_NAME = "$(TARGET_NAME)";
				SWIFT_EMIT_LOC_STRINGS = YES;
				SWIFT_VERSION = 5.0;
				TARGETED_DEVICE_FAMILY = "1,2";
			};
			name = Release;
		};
		14F6809F2839A32600CD6D0F /* Debug */ = {
			isa = XCBuildConfiguration;
			buildSettings = {
				ALWAYS_EMBED_SWIFT_STANDARD_LIBRARIES = YES;
				BUNDLE_LOADER = "$(TEST_HOST)";
				CODE_SIGN_STYLE = Automatic;
				CURRENT_PROJECT_VERSION = 1;
				DEVELOPMENT_TEAM = HHD2S36C5S;
				GENERATE_INFOPLIST_FILE = YES;
				IPHONEOS_DEPLOYMENT_TARGET = 15.5;
				MARKETING_VERSION = 1.0;
				PRODUCT_BUNDLE_IDENTIFIER = slayOS.RoomHubTests;
				PRODUCT_NAME = "$(TARGET_NAME)";
				SWIFT_EMIT_LOC_STRINGS = NO;
				SWIFT_VERSION = 5.0;
				TARGETED_DEVICE_FAMILY = "1,2";
				TEST_HOST = "$(BUILT_PRODUCTS_DIR)/RoomHub.app/RoomHub";
			};
			name = Debug;
		};
		14F680A02839A32600CD6D0F /* Release */ = {
			isa = XCBuildConfiguration;
			buildSettings = {
				ALWAYS_EMBED_SWIFT_STANDARD_LIBRARIES = YES;
				BUNDLE_LOADER = "$(TEST_HOST)";
				CODE_SIGN_STYLE = Automatic;
				CURRENT_PROJECT_VERSION = 1;
				DEVELOPMENT_TEAM = HHD2S36C5S;
				GENERATE_INFOPLIST_FILE = YES;
				IPHONEOS_DEPLOYMENT_TARGET = 15.5;
				MARKETING_VERSION = 1.0;
				PRODUCT_BUNDLE_IDENTIFIER = slayOS.RoomHubTests;
				PRODUCT_NAME = "$(TARGET_NAME)";
				SWIFT_EMIT_LOC_STRINGS = NO;
				SWIFT_VERSION = 5.0;
				TARGETED_DEVICE_FAMILY = "1,2";
				TEST_HOST = "$(BUILT_PRODUCTS_DIR)/RoomHub.app/RoomHub";
			};
			name = Release;
		};
		14F680A22839A32600CD6D0F /* Debug */ = {
			isa = XCBuildConfiguration;
			buildSettings = {
				ALWAYS_EMBED_SWIFT_STANDARD_LIBRARIES = YES;
				CODE_SIGN_STYLE = Automatic;
				CURRENT_PROJECT_VERSION = 1;
				DEVELOPMENT_TEAM = HHD2S36C5S;
				GENERATE_INFOPLIST_FILE = YES;
				MARKETING_VERSION = 1.0;
				PRODUCT_BUNDLE_IDENTIFIER = slayOS.RoomHubUITests;
				PRODUCT_NAME = "$(TARGET_NAME)";
				SWIFT_EMIT_LOC_STRINGS = NO;
				SWIFT_VERSION = 5.0;
				TARGETED_DEVICE_FAMILY = "1,2";
				TEST_TARGET_NAME = RoomHub;
			};
			name = Debug;
		};
		14F680A32839A32600CD6D0F /* Release */ = {
			isa = XCBuildConfiguration;
			buildSettings = {
				ALWAYS_EMBED_SWIFT_STANDARD_LIBRARIES = YES;
				CODE_SIGN_STYLE = Automatic;
				CURRENT_PROJECT_VERSION = 1;
				DEVELOPMENT_TEAM = HHD2S36C5S;
				GENERATE_INFOPLIST_FILE = YES;
				MARKETING_VERSION = 1.0;
				PRODUCT_BUNDLE_IDENTIFIER = slayOS.RoomHubUITests;
				PRODUCT_NAME = "$(TARGET_NAME)";
				SWIFT_EMIT_LOC_STRINGS = NO;
				SWIFT_VERSION = 5.0;
				TARGETED_DEVICE_FAMILY = "1,2";
				TEST_TARGET_NAME = RoomHub;
			};
			name = Release;
		};
/* End XCBuildConfiguration section */

/* Begin XCConfigurationList section */
		14F680722839A32500CD6D0F /* Build configuration list for PBXProject "RoomHub" */ = {
			isa = XCConfigurationList;
			buildConfigurations = (
				14F680992839A32600CD6D0F /* Debug */,
				14F6809A2839A32600CD6D0F /* Release */,
			);
			defaultConfigurationIsVisible = 0;
			defaultConfigurationName = Release;
		};
		14F6809B2839A32600CD6D0F /* Build configuration list for PBXNativeTarget "RoomHub" */ = {
			isa = XCConfigurationList;
			buildConfigurations = (
				14F6809C2839A32600CD6D0F /* Debug */,
				14F6809D2839A32600CD6D0F /* Release */,
			);
			defaultConfigurationIsVisible = 0;
			defaultConfigurationName = Release;
		};
		14F6809E2839A32600CD6D0F /* Build configuration list for PBXNativeTarget "RoomHubTests" */ = {
			isa = XCConfigurationList;
			buildConfigurations = (
				14F6809F2839A32600CD6D0F /* Debug */,
				14F680A02839A32600CD6D0F /* Release */,
			);
			defaultConfigurationIsVisible = 0;
			defaultConfigurationName = Release;
		};
		14F680A12839A32600CD6D0F /* Build configuration list for PBXNativeTarget "RoomHubUITests" */ = {
			isa = XCConfigurationList;
			buildConfigurations = (
				14F680A22839A32600CD6D0F /* Debug */,
				14F680A32839A32600CD6D0F /* Release */,
			);
			defaultConfigurationIsVisible = 0;
			defaultConfigurationName = Release;
		};
/* End XCConfigurationList section */

/* Begin XCRemoteSwiftPackageReference section */
		305A33D6283D7179001DDFBC /* XCRemoteSwiftPackageReference "firebase-ios-sdk" */ = {
			isa = XCRemoteSwiftPackageReference;
			repositoryURL = "https://github.com/firebase/firebase-ios-sdk";
			requirement = {
				kind = upToNextMajorVersion;
				minimumVersion = 8.0.0;
			};
		};
/* End XCRemoteSwiftPackageReference section */

/* Begin XCSwiftPackageProductDependency section */
		305A33D7283D7179001DDFBC /* FirebaseAuth */ = {
			isa = XCSwiftPackageProductDependency;
			package = 305A33D6283D7179001DDFBC /* XCRemoteSwiftPackageReference "firebase-ios-sdk" */;
			productName = FirebaseAuth;
		};
/* End XCSwiftPackageProductDependency section */
	};
	rootObject = 14F6806F2839A32500CD6D0F /* Project object */;
}
